// !$*UTF8*$!
{
	archiveVersion = 1;
	classes = {
	};
	objectVersion = 77;
	objects = {

/* Begin PBXBuildFile section */
		641FAB2C2DAED17F009DB2D0 /* FirebaseAnalyticsOnDeviceConversion in Frameworks */ = {isa = PBXBuildFile; productRef = 641FAB2B2DAED17F009DB2D0 /* FirebaseAnalyticsOnDeviceConversion */; };
		641FAB2E2DAED17F009DB2D0 /* FirebaseAnalyticsWithoutAdIdSupport in Frameworks */ = {isa = PBXBuildFile; productRef = 641FAB2D2DAED17F009DB2D0 /* FirebaseAnalyticsWithoutAdIdSupport */; };
		641FAB302DAED17F009DB2D0 /* FirebaseAuth in Frameworks */ = {isa = PBXBuildFile; productRef = 641FAB2F2DAED17F009DB2D0 /* FirebaseAuth */; };
		641FAB322DAED17F009DB2D0 /* FirebaseAuthCombine-Community in Frameworks */ = {isa = PBXBuildFile; productRef = 641FAB312DAED17F009DB2D0 /* FirebaseAuthCombine-Community */; };
		641FAB342DAED17F009DB2D0 /* FirebaseCore in Frameworks */ = {isa = PBXBuildFile; productRef = 641FAB332DAED17F009DB2D0 /* FirebaseCore */; };
		641FAB362DAED17F009DB2D0 /* FirebaseCrashlytics in Frameworks */ = {isa = PBXBuildFile; productRef = 641FAB352DAED17F009DB2D0 /* FirebaseCrashlytics */; };
		641FAB382DAED17F009DB2D0 /* FirebaseDatabase in Frameworks */ = {isa = PBXBuildFile; productRef = 641FAB372DAED17F009DB2D0 /* FirebaseDatabase */; };
		641FAB3A2DAED17F009DB2D0 /* FirebaseDynamicLinks in Frameworks */ = {isa = PBXBuildFile; productRef = 641FAB392DAED17F009DB2D0 /* FirebaseDynamicLinks */; };
		641FAB3C2DAED17F009DB2D0 /* FirebaseFirestore in Frameworks */ = {isa = PBXBuildFile; productRef = 641FAB3B2DAED17F009DB2D0 /* FirebaseFirestore */; };
		641FAB3E2DAED17F009DB2D0 /* FirebaseFirestoreCombine-Community in Frameworks */ = {isa = PBXBuildFile; productRef = 641FAB3D2DAED17F009DB2D0 /* FirebaseFirestoreCombine-Community */; };
		641FAB402DAED17F009DB2D0 /* FirebaseFunctions in Frameworks */ = {isa = PBXBuildFile; productRef = 641FAB3F2DAED17F009DB2D0 /* FirebaseFunctions */; };
		641FAB422DAED17F009DB2D0 /* FirebaseFunctionsCombine-Community in Frameworks */ = {isa = PBXBuildFile; productRef = 641FAB412DAED17F009DB2D0 /* FirebaseFunctionsCombine-Community */; };
		641FAB442DAED17F009DB2D0 /* FirebaseInAppMessaging-Beta in Frameworks */ = {isa = PBXBuildFile; productRef = 641FAB432DAED17F009DB2D0 /* FirebaseInAppMessaging-Beta */; };
		641FAB462DAED17F009DB2D0 /* FirebaseInstallations in Frameworks */ = {isa = PBXBuildFile; productRef = 641FAB452DAED17F009DB2D0 /* FirebaseInstallations */; };
		641FAB482DAED17F009DB2D0 /* FirebaseMLModelDownloader in Frameworks */ = {isa = PBXBuildFile; productRef = 641FAB472DAED17F009DB2D0 /* FirebaseMLModelDownloader */; };
		641FAB4A2DAED17F009DB2D0 /* FirebaseMessaging in Frameworks */ = {isa = PBXBuildFile; productRef = 641FAB492DAED17F009DB2D0 /* FirebaseMessaging */; };
		641FAB4C2DAED17F009DB2D0 /* FirebasePerformance in Frameworks */ = {isa = PBXBuildFile; productRef = 641FAB4B2DAED17F009DB2D0 /* FirebasePerformance */; };
		641FAB4E2DAED17F009DB2D0 /* FirebaseRemoteConfig in Frameworks */ = {isa = PBXBuildFile; productRef = 641FAB4D2DAED17F009DB2D0 /* FirebaseRemoteConfig */; };
		641FAB502DAED17F009DB2D0 /* FirebaseStorage in Frameworks */ = {isa = PBXBuildFile; productRef = 641FAB4F2DAED17F009DB2D0 /* FirebaseStorage */; };
		641FAB522DAED17F009DB2D0 /* FirebaseStorageCombine-Community in Frameworks */ = {isa = PBXBuildFile; productRef = 641FAB512DAED17F009DB2D0 /* FirebaseStorageCombine-Community */; };
		641FAB542DAED17F009DB2D0 /* FirebaseVertexAI in Frameworks */ = {isa = PBXBuildFile; productRef = 641FAB532DAED17F009DB2D0 /* FirebaseVertexAI */; };
		646B89682DAD757100887E43 /* FirebaseAnalytics in Frameworks */ = {isa = PBXBuildFile; productRef = 646B89672DAD757100887E43 /* FirebaseAnalytics */; };
		646B896A2DAD757100887E43 /* FirebaseAppCheck in Frameworks */ = {isa = PBXBuildFile; productRef = 646B89692DAD757100887E43 /* FirebaseAppCheck */; };
		646B896C2DAD757100887E43 /* FirebaseAppDistribution-Beta in Frameworks */ = {isa = PBXBuildFile; productRef = 646B896B2DAD757100887E43 /* FirebaseAppDistribution-Beta */; };
/* End PBXBuildFile section */

/* Begin PBXFileReference section */
		644292062D889F2A00BB649E /* Pond.app */ = {isa = PBXFileReference; explicitFileType = wrapper.application; includeInIndex = 0; path = Pond.app; sourceTree = BUILT_PRODUCTS_DIR; };
/* End PBXFileReference section */

/* Begin PBXFileSystemSynchronizedRootGroup section */
		644292082D889F2A00BB649E /* Pond */ = {
			isa = PBXFileSystemSynchronizedRootGroup;
			path = Pond;
			sourceTree = "<group>";
		};
/* End PBXFileSystemSynchronizedRootGroup section */

/* Begin PBXFrameworksBuildPhase section */
		644292032D889F2A00BB649E /* Frameworks */ = {
			isa = PBXFrameworksBuildPhase;
			buildActionMask = 2147483647;
			files = (
				641FAB3E2DAED17F009DB2D0 /* FirebaseFirestoreCombine-Community in Frameworks */,
				641FAB542DAED17F009DB2D0 /* FirebaseVertexAI in Frameworks */,
				641FAB402DAED17F009DB2D0 /* FirebaseFunctions in Frameworks */,
				641FAB4C2DAED17F009DB2D0 /* FirebasePerformance in Frameworks */,
				641FAB522DAED17F009DB2D0 /* FirebaseStorageCombine-Community in Frameworks */,
				641FAB4E2DAED17F009DB2D0 /* FirebaseRemoteConfig in Frameworks */,
				641FAB382DAED17F009DB2D0 /* FirebaseDatabase in Frameworks */,
				641FAB3A2DAED17F009DB2D0 /* FirebaseDynamicLinks in Frameworks */,
				646B896A2DAD757100887E43 /* FirebaseAppCheck in Frameworks */,
				641FAB302DAED17F009DB2D0 /* FirebaseAuth in Frameworks */,
				641FAB2E2DAED17F009DB2D0 /* FirebaseAnalyticsWithoutAdIdSupport in Frameworks */,
				641FAB3C2DAED17F009DB2D0 /* FirebaseFirestore in Frameworks */,
				641FAB4A2DAED17F009DB2D0 /* FirebaseMessaging in Frameworks */,
				641FAB462DAED17F009DB2D0 /* FirebaseInstallations in Frameworks */,
				641FAB422DAED17F009DB2D0 /* FirebaseFunctionsCombine-Community in Frameworks */,
				646B89682DAD757100887E43 /* FirebaseAnalytics in Frameworks */,
				646B896C2DAD757100887E43 /* FirebaseAppDistribution-Beta in Frameworks */,
				641FAB442DAED17F009DB2D0 /* FirebaseInAppMessaging-Beta in Frameworks */,
				641FAB322DAED17F009DB2D0 /* FirebaseAuthCombine-Community in Frameworks */,
				641FAB362DAED17F009DB2D0 /* FirebaseCrashlytics in Frameworks */,
				641FAB482DAED17F009DB2D0 /* FirebaseMLModelDownloader in Frameworks */,
				641FAB502DAED17F009DB2D0 /* FirebaseStorage in Frameworks */,
				641FAB342DAED17F009DB2D0 /* FirebaseCore in Frameworks */,
				641FAB2C2DAED17F009DB2D0 /* FirebaseAnalyticsOnDeviceConversion in Frameworks */,
			);
			runOnlyForDeploymentPostprocessing = 0;
		};
/* End PBXFrameworksBuildPhase section */

/* Begin PBXGroup section */
		644291FD2D889F2A00BB649E = {
			isa = PBXGroup;
			children = (
				644292082D889F2A00BB649E /* Pond */,
				644292072D889F2A00BB649E /* Products */,
			);
			sourceTree = "<group>";
		};
		644292072D889F2A00BB649E /* Products */ = {
			isa = PBXGroup;
			children = (
				644292062D889F2A00BB649E /* Pond.app */,
			);
			name = Products;
			sourceTree = "<group>";
		};
/* End PBXGroup section */

/* Begin PBXNativeTarget section */
		644292052D889F2A00BB649E /* Pond */ = {
			isa = PBXNativeTarget;
			buildConfigurationList = 644292192D889F2C00BB649E /* Build configuration list for PBXNativeTarget "Pond" */;
			buildPhases = (
				644292022D889F2A00BB649E /* Sources */,
				644292032D889F2A00BB649E /* Frameworks */,
				644292042D889F2A00BB649E /* Resources */,
			);
			buildRules = (
			);
			dependencies = (
			);
			fileSystemSynchronizedGroups = (
				644292082D889F2A00BB649E /* Pond */,
			);
			name = Pond;
			packageProductDependencies = (
				646B89672DAD757100887E43 /* FirebaseAnalytics */,
				646B89692DAD757100887E43 /* FirebaseAppCheck */,
				646B896B2DAD757100887E43 /* FirebaseAppDistribution-Beta */,
				641FAB2B2DAED17F009DB2D0 /* FirebaseAnalyticsOnDeviceConversion */,
				641FAB2D2DAED17F009DB2D0 /* FirebaseAnalyticsWithoutAdIdSupport */,
				641FAB2F2DAED17F009DB2D0 /* FirebaseAuth */,
				641FAB312DAED17F009DB2D0 /* FirebaseAuthCombine-Community */,
				641FAB332DAED17F009DB2D0 /* FirebaseCore */,
				641FAB352DAED17F009DB2D0 /* FirebaseCrashlytics */,
				641FAB372DAED17F009DB2D0 /* FirebaseDatabase */,
				641FAB392DAED17F009DB2D0 /* FirebaseDynamicLinks */,
				641FAB3B2DAED17F009DB2D0 /* FirebaseFirestore */,
				641FAB3D2DAED17F009DB2D0 /* FirebaseFirestoreCombine-Community */,
				641FAB3F2DAED17F009DB2D0 /* FirebaseFunctions */,
				641FAB412DAED17F009DB2D0 /* FirebaseFunctionsCombine-Community */,
				641FAB432DAED17F009DB2D0 /* FirebaseInAppMessaging-Beta */,
				641FAB452DAED17F009DB2D0 /* FirebaseInstallations */,
				641FAB472DAED17F009DB2D0 /* FirebaseMLModelDownloader */,
				641FAB492DAED17F009DB2D0 /* FirebaseMessaging */,
				641FAB4B2DAED17F009DB2D0 /* FirebasePerformance */,
				641FAB4D2DAED17F009DB2D0 /* FirebaseRemoteConfig */,
				641FAB4F2DAED17F009DB2D0 /* FirebaseStorage */,
				641FAB512DAED17F009DB2D0 /* FirebaseStorageCombine-Community */,
				641FAB532DAED17F009DB2D0 /* FirebaseVertexAI */,
			);
			productName = Pond;
			productReference = 644292062D889F2A00BB649E /* Pond.app */;
			productType = "com.apple.product-type.application";
		};
/* End PBXNativeTarget section */

/* Begin PBXProject section */
		644291FE2D889F2A00BB649E /* Project object */ = {
			isa = PBXProject;
			attributes = {
				BuildIndependentTargetsInParallel = 1;
				LastSwiftUpdateCheck = 1620;
				LastUpgradeCheck = 1620;
				TargetAttributes = {
					644292052D889F2A00BB649E = {
						CreatedOnToolsVersion = 16.2;
					};
				};
			};
			buildConfigurationList = 644292012D889F2A00BB649E /* Build configuration list for PBXProject "Pond" */;
			developmentRegion = en;
			hasScannedForEncodings = 0;
			knownRegions = (
				en,
				Base,
			);
			mainGroup = 644291FD2D889F2A00BB649E;
			minimizedProjectReferenceProxies = 1;
			packageReferences = (
				646B89662DAD757100887E43 /* XCRemoteSwiftPackageReference "firebase-ios-sdk" */,
			);
			preferredProjectObjectVersion = 77;
			productRefGroup = 644292072D889F2A00BB649E /* Products */;
			projectDirPath = "";
			projectRoot = "";
			targets = (
				644292052D889F2A00BB649E /* Pond */,
			);
		};
/* End PBXProject section */

/* Begin PBXResourcesBuildPhase section */
		644292042D889F2A00BB649E /* Resources */ = {
			isa = PBXResourcesBuildPhase;
			buildActionMask = 2147483647;
			files = (
			);
			runOnlyForDeploymentPostprocessing = 0;
		};
/* End PBXResourcesBuildPhase section */

/* Begin PBXSourcesBuildPhase section */
		644292022D889F2A00BB649E /* Sources */ = {
			isa = PBXSourcesBuildPhase;
			buildActionMask = 2147483647;
			files = (
			);
			runOnlyForDeploymentPostprocessing = 0;
		};
/* End PBXSourcesBuildPhase section */

/* Begin XCBuildConfiguration section */
		644292172D889F2C00BB649E /* Debug */ = {
			isa = XCBuildConfiguration;
			buildSettings = {
				ALWAYS_SEARCH_USER_PATHS = NO;
				ASSETCATALOG_COMPILER_GENERATE_SWIFT_ASSET_SYMBOL_EXTENSIONS = YES;
				CLANG_ANALYZER_NONNULL = YES;
				CLANG_ANALYZER_NUMBER_OBJECT_CONVERSION = YES_AGGRESSIVE;
				CLANG_CXX_LANGUAGE_STANDARD = "gnu++20";
				CLANG_ENABLE_MODULES = YES;
				CLANG_ENABLE_OBJC_ARC = YES;
				CLANG_ENABLE_OBJC_WEAK = YES;
				CLANG_WARN_BLOCK_CAPTURE_AUTORELEASING = YES;
				CLANG_WARN_BOOL_CONVERSION = YES;
				CLANG_WARN_COMMA = YES;
				CLANG_WARN_CONSTANT_CONVERSION = YES;
				CLANG_WARN_DEPRECATED_OBJC_IMPLEMENTATIONS = YES;
				CLANG_WARN_DIRECT_OBJC_ISA_USAGE = YES_ERROR;
				CLANG_WARN_DOCUMENTATION_COMMENTS = YES;
				CLANG_WARN_EMPTY_BODY = YES;
				CLANG_WARN_ENUM_CONVERSION = YES;
				CLANG_WARN_INFINITE_RECURSION = YES;
				CLANG_WARN_INT_CONVERSION = YES;
				CLANG_WARN_NON_LITERAL_NULL_CONVERSION = YES;
				CLANG_WARN_OBJC_IMPLICIT_RETAIN_SELF = YES;
				CLANG_WARN_OBJC_LITERAL_CONVERSION = YES;
				CLANG_WARN_OBJC_ROOT_CLASS = YES_ERROR;
				CLANG_WARN_QUOTED_INCLUDE_IN_FRAMEWORK_HEADER = YES;
				CLANG_WARN_RANGE_LOOP_ANALYSIS = YES;
				CLANG_WARN_STRICT_PROTOTYPES = YES;
				CLANG_WARN_SUSPICIOUS_MOVE = YES;
				CLANG_WARN_UNGUARDED_AVAILABILITY = YES_AGGRESSIVE;
				CLANG_WARN_UNREACHABLE_CODE = YES;
				CLANG_WARN__DUPLICATE_METHOD_MATCH = YES;
				COPY_PHASE_STRIP = NO;
				DEBUG_INFORMATION_FORMAT = dwarf;
				ENABLE_STRICT_OBJC_MSGSEND = YES;
				ENABLE_TESTABILITY = YES;
				ENABLE_USER_SCRIPT_SANDBOXING = YES;
				GCC_C_LANGUAGE_STANDARD = gnu17;
				GCC_DYNAMIC_NO_PIC = NO;
				GCC_NO_COMMON_BLOCKS = YES;
				GCC_OPTIMIZATION_LEVEL = 0;
				GCC_PREPROCESSOR_DEFINITIONS = (
					"DEBUG=1",
					"$(inherited)",
				);
				GCC_WARN_64_TO_32_BIT_CONVERSION = YES;
				GCC_WARN_ABOUT_RETURN_TYPE = YES_ERROR;
				GCC_WARN_UNDECLARED_SELECTOR = YES;
				GCC_WARN_UNINITIALIZED_AUTOS = YES_AGGRESSIVE;
				GCC_WARN_UNUSED_FUNCTION = YES;
				GCC_WARN_UNUSED_VARIABLE = YES;
				IPHONEOS_DEPLOYMENT_TARGET = 18.2;
				LOCALIZATION_PREFERS_STRING_CATALOGS = YES;
				MTL_ENABLE_DEBUG_INFO = INCLUDE_SOURCE;
				MTL_FAST_MATH = YES;
				ONLY_ACTIVE_ARCH = YES;
				SDKROOT = iphoneos;
				SWIFT_ACTIVE_COMPILATION_CONDITIONS = "DEBUG $(inherited)";
				SWIFT_OPTIMIZATION_LEVEL = "-Onone";
			};
			name = Debug;
		};
		644292182D889F2C00BB649E /* Release */ = {
			isa = XCBuildConfiguration;
			buildSettings = {
				ALWAYS_SEARCH_USER_PATHS = NO;
				ASSETCATALOG_COMPILER_GENERATE_SWIFT_ASSET_SYMBOL_EXTENSIONS = YES;
				CLANG_ANALYZER_NONNULL = YES;
				CLANG_ANALYZER_NUMBER_OBJECT_CONVERSION = YES_AGGRESSIVE;
				CLANG_CXX_LANGUAGE_STANDARD = "gnu++20";
				CLANG_ENABLE_MODULES = YES;
				CLANG_ENABLE_OBJC_ARC = YES;
				CLANG_ENABLE_OBJC_WEAK = YES;
				CLANG_WARN_BLOCK_CAPTURE_AUTORELEASING = YES;
				CLANG_WARN_BOOL_CONVERSION = YES;
				CLANG_WARN_COMMA = YES;
				CLANG_WARN_CONSTANT_CONVERSION = YES;
				CLANG_WARN_DEPRECATED_OBJC_IMPLEMENTATIONS = YES;
				CLANG_WARN_DIRECT_OBJC_ISA_USAGE = YES_ERROR;
				CLANG_WARN_DOCUMENTATION_COMMENTS = YES;
				CLANG_WARN_EMPTY_BODY = YES;
				CLANG_WARN_ENUM_CONVERSION = YES;
				CLANG_WARN_INFINITE_RECURSION = YES;
				CLANG_WARN_INT_CONVERSION = YES;
				CLANG_WARN_NON_LITERAL_NULL_CONVERSION = YES;
				CLANG_WARN_OBJC_IMPLICIT_RETAIN_SELF = YES;
				CLANG_WARN_OBJC_LITERAL_CONVERSION = YES;
				CLANG_WARN_OBJC_ROOT_CLASS = YES_ERROR;
				CLANG_WARN_QUOTED_INCLUDE_IN_FRAMEWORK_HEADER = YES;
				CLANG_WARN_RANGE_LOOP_ANALYSIS = YES;
				CLANG_WARN_STRICT_PROTOTYPES = YES;
				CLANG_WARN_SUSPICIOUS_MOVE = YES;
				CLANG_WARN_UNGUARDED_AVAILABILITY = YES_AGGRESSIVE;
				CLANG_WARN_UNREACHABLE_CODE = YES;
				CLANG_WARN__DUPLICATE_METHOD_MATCH = YES;
				COPY_PHASE_STRIP = NO;
				DEBUG_INFORMATION_FORMAT = "dwarf-with-dsym";
				ENABLE_NS_ASSERTIONS = NO;
				ENABLE_STRICT_OBJC_MSGSEND = YES;
				ENABLE_USER_SCRIPT_SANDBOXING = YES;
				GCC_C_LANGUAGE_STANDARD = gnu17;
				GCC_NO_COMMON_BLOCKS = YES;
				GCC_WARN_64_TO_32_BIT_CONVERSION = YES;
				GCC_WARN_ABOUT_RETURN_TYPE = YES_ERROR;
				GCC_WARN_UNDECLARED_SELECTOR = YES;
				GCC_WARN_UNINITIALIZED_AUTOS = YES_AGGRESSIVE;
				GCC_WARN_UNUSED_FUNCTION = YES;
				GCC_WARN_UNUSED_VARIABLE = YES;
				IPHONEOS_DEPLOYMENT_TARGET = 18.2;
				LOCALIZATION_PREFERS_STRING_CATALOGS = YES;
				MTL_ENABLE_DEBUG_INFO = NO;
				MTL_FAST_MATH = YES;
				SDKROOT = iphoneos;
				SWIFT_COMPILATION_MODE = wholemodule;
				VALIDATE_PRODUCT = YES;
			};
			name = Release;
		};
		6442921A2D889F2C00BB649E /* Debug */ = {
			isa = XCBuildConfiguration;
			buildSettings = {
				ASSETCATALOG_COMPILER_APPICON_NAME = AppIcon;
				ASSETCATALOG_COMPILER_GLOBAL_ACCENT_COLOR_NAME = AccentColor;
				CODE_SIGN_STYLE = Automatic;
				CURRENT_PROJECT_VERSION = 1;
				DEVELOPMENT_ASSET_PATHS = "\"Pond/Preview Content\"";
				ENABLE_PREVIEWS = YES;
				GENERATE_INFOPLIST_FILE = YES;
				INFOPLIST_KEY_UIApplicationSceneManifest_Generation = YES;
				INFOPLIST_KEY_UIApplicationSupportsIndirectInputEvents = YES;
				INFOPLIST_KEY_UILaunchScreen_Generation = YES;
				INFOPLIST_KEY_UISupportedInterfaceOrientations = UIInterfaceOrientationPortrait;
				INFOPLIST_KEY_UISupportedInterfaceOrientations_iPad = "UIInterfaceOrientationPortrait UIInterfaceOrientationPortraitUpsideDown";
				LD_RUNPATH_SEARCH_PATHS = (
					"$(inherited)",
					"@executable_path/Frameworks",
				);
				MARKETING_VERSION = 1.0;
				PRODUCT_BUNDLE_IDENTIFIER = com.jonesclass.eisenreich.Pond;
				PRODUCT_NAME = "$(TARGET_NAME)";
				SWIFT_EMIT_LOC_STRINGS = YES;
				SWIFT_VERSION = 5.0;
				TARGETED_DEVICE_FAMILY = "1,2";
			};
			name = Debug;
		};
		6442921B2D889F2C00BB649E /* Release */ = {
			isa = XCBuildConfiguration;
			buildSettings = {
				ASSETCATALOG_COMPILER_APPICON_NAME = AppIcon;
				ASSETCATALOG_COMPILER_GLOBAL_ACCENT_COLOR_NAME = AccentColor;
				CODE_SIGN_STYLE = Automatic;
				CURRENT_PROJECT_VERSION = 1;
				DEVELOPMENT_ASSET_PATHS = "\"Pond/Preview Content\"";
				ENABLE_PREVIEWS = YES;
				GENERATE_INFOPLIST_FILE = YES;
				INFOPLIST_KEY_UIApplicationSceneManifest_Generation = YES;
				INFOPLIST_KEY_UIApplicationSupportsIndirectInputEvents = YES;
				INFOPLIST_KEY_UILaunchScreen_Generation = YES;
				INFOPLIST_KEY_UISupportedInterfaceOrientations = UIInterfaceOrientationPortrait;
				INFOPLIST_KEY_UISupportedInterfaceOrientations_iPad = "UIInterfaceOrientationPortrait UIInterfaceOrientationPortraitUpsideDown";
				LD_RUNPATH_SEARCH_PATHS = (
					"$(inherited)",
					"@executable_path/Frameworks",
				);
				MARKETING_VERSION = 1.0;
				PRODUCT_BUNDLE_IDENTIFIER = com.jonesclass.eisenreich.Pond;
				PRODUCT_NAME = "$(TARGET_NAME)";
				SWIFT_EMIT_LOC_STRINGS = YES;
				SWIFT_VERSION = 5.0;
				TARGETED_DEVICE_FAMILY = "1,2";
			};
			name = Release;
		};
/* End XCBuildConfiguration section */

/* Begin XCConfigurationList section */
		644292012D889F2A00BB649E /* Build configuration list for PBXProject "Pond" */ = {
			isa = XCConfigurationList;
			buildConfigurations = (
				644292172D889F2C00BB649E /* Debug */,
				644292182D889F2C00BB649E /* Release */,
			);
			defaultConfigurationIsVisible = 0;
			defaultConfigurationName = Release;
		};
		644292192D889F2C00BB649E /* Build configuration list for PBXNativeTarget "Pond" */ = {
			isa = XCConfigurationList;
			buildConfigurations = (
				6442921A2D889F2C00BB649E /* Debug */,
				6442921B2D889F2C00BB649E /* Release */,
			);
			defaultConfigurationIsVisible = 0;
			defaultConfigurationName = Release;
		};
/* End XCConfigurationList section */

/* Begin XCRemoteSwiftPackageReference section */
		646B89662DAD757100887E43 /* XCRemoteSwiftPackageReference "firebase-ios-sdk" */ = {
			isa = XCRemoteSwiftPackageReference;
			repositoryURL = "https://github.com/firebase/firebase-ios-sdk";
			requirement = {
				kind = upToNextMajorVersion;
				minimumVersion = 11.11.0;
			};
		};
/* End XCRemoteSwiftPackageReference section */

/* Begin XCSwiftPackageProductDependency section */
		641FAB2B2DAED17F009DB2D0 /* FirebaseAnalyticsOnDeviceConversion */ = {
			isa = XCSwiftPackageProductDependency;
			package = 646B89662DAD757100887E43 /* XCRemoteSwiftPackageReference "firebase-ios-sdk" */;
			productName = FirebaseAnalyticsOnDeviceConversion;
		};
		641FAB2D2DAED17F009DB2D0 /* FirebaseAnalyticsWithoutAdIdSupport */ = {
			isa = XCSwiftPackageProductDependency;
			package = 646B89662DAD757100887E43 /* XCRemoteSwiftPackageReference "firebase-ios-sdk" */;
			productName = FirebaseAnalyticsWithoutAdIdSupport;
		};
		641FAB2F2DAED17F009DB2D0 /* FirebaseAuth */ = {
			isa = XCSwiftPackageProductDependency;
			package = 646B89662DAD757100887E43 /* XCRemoteSwiftPackageReference "firebase-ios-sdk" */;
			productName = FirebaseAuth;
		};
		641FAB312DAED17F009DB2D0 /* FirebaseAuthCombine-Community */ = {
			isa = XCSwiftPackageProductDependency;
			package = 646B89662DAD757100887E43 /* XCRemoteSwiftPackageReference "firebase-ios-sdk" */;
			productName = "FirebaseAuthCombine-Community";
		};
		641FAB332DAED17F009DB2D0 /* FirebaseCore */ = {
			isa = XCSwiftPackageProductDependency;
			package = 646B89662DAD757100887E43 /* XCRemoteSwiftPackageReference "firebase-ios-sdk" */;
			productName = FirebaseCore;
		};
		641FAB352DAED17F009DB2D0 /* FirebaseCrashlytics */ = {
			isa = XCSwiftPackageProductDependency;
			package = 646B89662DAD757100887E43 /* XCRemoteSwiftPackageReference "firebase-ios-sdk" */;
			productName = FirebaseCrashlytics;
		};
		641FAB372DAED17F009DB2D0 /* FirebaseDatabase */ = {
			isa = XCSwiftPackageProductDependency;
			package = 646B89662DAD757100887E43 /* XCRemoteSwiftPackageReference "firebase-ios-sdk" */;
			productName = FirebaseDatabase;
		};
		641FAB392DAED17F009DB2D0 /* FirebaseDynamicLinks */ = {
			isa = XCSwiftPackageProductDependency;
			package = 646B89662DAD757100887E43 /* XCRemoteSwiftPackageReference "firebase-ios-sdk" */;
			productName = FirebaseDynamicLinks;
		};
		641FAB3B2DAED17F009DB2D0 /* FirebaseFirestore */ = {
			isa = XCSwiftPackageProductDependency;
			package = 646B89662DAD757100887E43 /* XCRemoteSwiftPackageReference "firebase-ios-sdk" */;
			productName = FirebaseFirestore;
		};
		641FAB3D2DAED17F009DB2D0 /* FirebaseFirestoreCombine-Community */ = {
			isa = XCSwiftPackageProductDependency;
			package = 646B89662DAD757100887E43 /* XCRemoteSwiftPackageReference "firebase-ios-sdk" */;
			productName = "FirebaseFirestoreCombine-Community";
		};
		641FAB3F2DAED17F009DB2D0 /* FirebaseFunctions */ = {
			isa = XCSwiftPackageProductDependency;
			package = 646B89662DAD757100887E43 /* XCRemoteSwiftPackageReference "firebase-ios-sdk" */;
			productName = FirebaseFunctions;
		};
		641FAB412DAED17F009DB2D0 /* FirebaseFunctionsCombine-Community */ = {
			isa = XCSwiftPackageProductDependency;
			package = 646B89662DAD757100887E43 /* XCRemoteSwiftPackageReference "firebase-ios-sdk" */;
			productName = "FirebaseFunctionsCombine-Community";
		};
		641FAB432DAED17F009DB2D0 /* FirebaseInAppMessaging-Beta */ = {
			isa = XCSwiftPackageProductDependency;
			package = 646B89662DAD757100887E43 /* XCRemoteSwiftPackageReference "firebase-ios-sdk" */;
			productName = "FirebaseInAppMessaging-Beta";
		};
		641FAB452DAED17F009DB2D0 /* FirebaseInstallations */ = {
			isa = XCSwiftPackageProductDependency;
			package = 646B89662DAD757100887E43 /* XCRemoteSwiftPackageReference "firebase-ios-sdk" */;
			productName = FirebaseInstallations;
		};
		641FAB472DAED17F009DB2D0 /* FirebaseMLModelDownloader */ = {
			isa = XCSwiftPackageProductDependency;
			package = 646B89662DAD757100887E43 /* XCRemoteSwiftPackageReference "firebase-ios-sdk" */;
			productName = FirebaseMLModelDownloader;
		};
		641FAB492DAED17F009DB2D0 /* FirebaseMessaging */ = {
			isa = XCSwiftPackageProductDependency;
			package = 646B89662DAD757100887E43 /* XCRemoteSwiftPackageReference "firebase-ios-sdk" */;
			productName = FirebaseMessaging;
		};
		641FAB4B2DAED17F009DB2D0 /* FirebasePerformance */ = {
			isa = XCSwiftPackageProductDependency;
			package = 646B89662DAD757100887E43 /* XCRemoteSwiftPackageReference "firebase-ios-sdk" */;
			productName = FirebasePerformance;
		};
		641FAB4D2DAED17F009DB2D0 /* FirebaseRemoteConfig */ = {
			isa = XCSwiftPackageProductDependency;
			package = 646B89662DAD757100887E43 /* XCRemoteSwiftPackageReference "firebase-ios-sdk" */;
			productName = FirebaseRemoteConfig;
		};
		641FAB4F2DAED17F009DB2D0 /* FirebaseStorage */ = {
			isa = XCSwiftPackageProductDependency;
			package = 646B89662DAD757100887E43 /* XCRemoteSwiftPackageReference "firebase-ios-sdk" */;
			productName = FirebaseStorage;
		};
		641FAB512DAED17F009DB2D0 /* FirebaseStorageCombine-Community */ = {
			isa = XCSwiftPackageProductDependency;
			package = 646B89662DAD757100887E43 /* XCRemoteSwiftPackageReference "firebase-ios-sdk" */;
			productName = "FirebaseStorageCombine-Community";
		};
		641FAB532DAED17F009DB2D0 /* FirebaseVertexAI */ = {
			isa = XCSwiftPackageProductDependency;
			package = 646B89662DAD757100887E43 /* XCRemoteSwiftPackageReference "firebase-ios-sdk" */;
			productName = FirebaseVertexAI;
		};
		646B89672DAD757100887E43 /* FirebaseAnalytics */ = {
			isa = XCSwiftPackageProductDependency;
			package = 646B89662DAD757100887E43 /* XCRemoteSwiftPackageReference "firebase-ios-sdk" */;
			productName = FirebaseAnalytics;
		};
		646B89692DAD757100887E43 /* FirebaseAppCheck */ = {
			isa = XCSwiftPackageProductDependency;
			package = 646B89662DAD757100887E43 /* XCRemoteSwiftPackageReference "firebase-ios-sdk" */;
			productName = FirebaseAppCheck;
		};
		646B896B2DAD757100887E43 /* FirebaseAppDistribution-Beta */ = {
			isa = XCSwiftPackageProductDependency;
			package = 646B89662DAD757100887E43 /* XCRemoteSwiftPackageReference "firebase-ios-sdk" */;
			productName = "FirebaseAppDistribution-Beta";
		};
/* End XCSwiftPackageProductDependency section */
	};
	rootObject = 644291FE2D889F2A00BB649E /* Project object */;
}
